
Microsoft Visual Studio Solution File, Format Version 10.00
# Visual Studio 2008
Project("{FAE04EC0-301F-11D3-BF4B-00C04F79EFBC}") = "MuaModel", "Release\MuaModel\MuaModel.csproj", "{A9031EBA-6D78-48D0-88AE-C8ACBD100B43}"
EndProject
Project("{E24C65DC-7377-472B-9ABA-BC803B73C61A}") = "Web", "Release\Web\", "{E9BB1339-5E32-467B-BD2B-8686983513D1}"
	ProjectSection(WebsiteProperties) = preProject
		TargetFramework = "2.0"
		ProjectReferences = "{A9031EBA-6D78-48D0-88AE-C8ACBD100B43}|MuaModel.dll;"
		Debug.AspNetCompiler.VirtualPath = "/Web"
		Debug.AspNetCompiler.PhysicalPath = "Release\Web\"
		Debug.AspNetCompiler.TargetPath = "PrecompiledWeb\Web\"
		Debug.AspNetCompiler.Updateable = "true"
		Debug.AspNetCompiler.ForceOverwrite = "true"
		Debug.AspNetCompiler.FixedNames = "false"
		Debug.AspNetCompiler.Debug = "True"
		Release.AspNetCompiler.VirtualPath = "/Web"
		Release.AspNetCompiler.PhysicalPath = "Release\Web\"
		Release.AspNetCompiler.TargetPath = "PrecompiledWeb\Web\"
		Release.AspNetCompiler.Updateable = "true"
		Release.AspNetCompiler.ForceOverwrite = "true"
		Release.AspNetCompiler.FixedNames = "false"
		Release.AspNetCompiler.Debug = "False"
		VWDPort = "49189"
	EndProjectSection
EndProject
Global
	GlobalSection(SolutionConfigurationPlatforms) = preSolution
		Debug|Any CPU = Debug|Any CPU
		Release|Any CPU = Release|Any CPU
	EndGlobalSection
	GlobalSection(ProjectConfigurationPlatforms) = postSolution
		{A9031EBA-6D78-48D0-88AE-C8ACBD100B43}.Debug|Any CPU.ActiveCfg = Debug|Any CPU
		{A9031EBA-6D78-48D0-88AE-C8ACBD100B43}.Debug|Any CPU.Build.0 = Debug|Any CPU
		{A9031EBA-6D78-48D0-88AE-C8ACBD100B43}.Release|Any CPU.ActiveCfg = Release|Any CPU
		{A9031EBA-6D78-48D0-88AE-C8ACBD100B43}.Release|Any CPU.Build.0 = Release|Any CPU
		{E9BB1339-5E32-467B-BD2B-8686983513D1}.Debug|Any CPU.ActiveCfg = Debug|Any CPU
		{E9BB1339-5E32-467B-BD2B-8686983513D1}.Debug|Any CPU.Build.0 = Debug|Any CPU
		{E9BB1339-5E32-467B-BD2B-8686983513D1}.Release|Any CPU.ActiveCfg = Debug|Any CPU
		{E9BB1339-5E32-467B-BD2B-8686983513D1}.Release|Any CPU.Build.0 = Debug|Any CPU
	EndGlobalSection
	GlobalSection(SolutionProperties) = preSolution
		HideSolutionNode = FALSE
	EndGlobalSection
EndGlobal
